// !$*UTF8*$!
{
	archiveVersion = 1;
	classes = {
	};
	objectVersion = 46;
	objects = {

/* Begin PBXBuildFile section */
		AA08514C18699E0B00205DD7 /* Security.framework in Frameworks */ = {isa = PBXBuildFile; fileRef = AA08514B18699E0B00205DD7 /* Security.framework */; };
		AA08515418699E9900205DD7 /* NSData+NXOAuth2.m in Sources */ = {isa = PBXBuildFile; fileRef = AA08514F18699E9900205DD7 /* NSData+NXOAuth2.m */; };
		AA08515518699E9900205DD7 /* NSData+NXOAuth2.m in Sources */ = {isa = PBXBuildFile; fileRef = AA08514F18699E9900205DD7 /* NSData+NXOAuth2.m */; };
		AA08515618699E9900205DD7 /* NSString+NXOAuth2.m in Sources */ = {isa = PBXBuildFile; fileRef = AA08515118699E9900205DD7 /* NSString+NXOAuth2.m */; };
		AA08515718699E9900205DD7 /* NSString+NXOAuth2.m in Sources */ = {isa = PBXBuildFile; fileRef = AA08515118699E9900205DD7 /* NSString+NXOAuth2.m */; };
		AA08515818699E9900205DD7 /* NSURL+NXOAuth2.m in Sources */ = {isa = PBXBuildFile; fileRef = AA08515318699E9900205DD7 /* NSURL+NXOAuth2.m */; };
		AA08515918699E9900205DD7 /* NSURL+NXOAuth2.m in Sources */ = {isa = PBXBuildFile; fileRef = AA08515318699E9900205DD7 /* NSURL+NXOAuth2.m */; };
		AA08516418699EB400205DD7 /* NXOAuth2Constants.m in Sources */ = {isa = PBXBuildFile; fileRef = AA08515D18699EB400205DD7 /* NXOAuth2Constants.m */; };
		AA08516518699EB400205DD7 /* NXOAuth2Constants.m in Sources */ = {isa = PBXBuildFile; fileRef = AA08515D18699EB400205DD7 /* NXOAuth2Constants.m */; };
		AA08516618699EB400205DD7 /* NXOAuth2AccountStore.m in Sources */ = {isa = PBXBuildFile; fileRef = AA08515F18699EB400205DD7 /* NXOAuth2AccountStore.m */; };
		AA08516718699EB400205DD7 /* NXOAuth2AccountStore.m in Sources */ = {isa = PBXBuildFile; fileRef = AA08515F18699EB400205DD7 /* NXOAuth2AccountStore.m */; };
		AA08516818699EB400205DD7 /* NXOAuth2Account.m in Sources */ = {isa = PBXBuildFile; fileRef = AA08516118699EB400205DD7 /* NXOAuth2Account.m */; };
		AA08516918699EB400205DD7 /* NXOAuth2Account.m in Sources */ = {isa = PBXBuildFile; fileRef = AA08516118699EB400205DD7 /* NXOAuth2Account.m */; };
		AA08516A18699EB400205DD7 /* NXOAuth2Request.m in Sources */ = {isa = PBXBuildFile; fileRef = AA08516318699EB400205DD7 /* NXOAuth2Request.m */; };
		AA08516B18699EB400205DD7 /* NXOAuth2Request.m in Sources */ = {isa = PBXBuildFile; fileRef = AA08516318699EB400205DD7 /* NXOAuth2Request.m */; };
		AA08517218699EC800205DD7 /* NXOAuth2Client.m in Sources */ = {isa = PBXBuildFile; fileRef = AA08516F18699EC800205DD7 /* NXOAuth2Client.m */; };
		AA08517318699EC800205DD7 /* NXOAuth2Client.m in Sources */ = {isa = PBXBuildFile; fileRef = AA08516F18699EC800205DD7 /* NXOAuth2Client.m */; };
		AA08517418699EC800205DD7 /* NXOAuth2AccessToken.m in Sources */ = {isa = PBXBuildFile; fileRef = AA08517118699EC800205DD7 /* NXOAuth2AccessToken.m */; };
		AA08517518699EC800205DD7 /* NXOAuth2AccessToken.m in Sources */ = {isa = PBXBuildFile; fileRef = AA08517118699EC800205DD7 /* NXOAuth2AccessToken.m */; };
		AA08518018699ED200205DD7 /* NXOAuth2Connection.m in Sources */ = {isa = PBXBuildFile; fileRef = AA08517918699ED200205DD7 /* NXOAuth2Connection.m */; };
		AA08518118699ED200205DD7 /* NXOAuth2Connection.m in Sources */ = {isa = PBXBuildFile; fileRef = AA08517918699ED200205DD7 /* NXOAuth2Connection.m */; };
		AA08518218699ED200205DD7 /* NXOAuth2PostBodyStream.m in Sources */ = {isa = PBXBuildFile; fileRef = AA08517B18699ED200205DD7 /* NXOAuth2PostBodyStream.m */; };
		AA08518318699ED200205DD7 /* NXOAuth2PostBodyStream.m in Sources */ = {isa = PBXBuildFile; fileRef = AA08517B18699ED200205DD7 /* NXOAuth2PostBodyStream.m */; };
		AA08518418699ED200205DD7 /* NXOAuth2PostBodyPart.m in Sources */ = {isa = PBXBuildFile; fileRef = AA08517D18699ED200205DD7 /* NXOAuth2PostBodyPart.m */; };
		AA08518518699ED200205DD7 /* NXOAuth2PostBodyPart.m in Sources */ = {isa = PBXBuildFile; fileRef = AA08517D18699ED200205DD7 /* NXOAuth2PostBodyPart.m */; };
		AA08518618699ED200205DD7 /* NXOAuth2FileStreamWrapper.m in Sources */ = {isa = PBXBuildFile; fileRef = AA08517F18699ED200205DD7 /* NXOAuth2FileStreamWrapper.m */; };
		AA08518718699ED200205DD7 /* NXOAuth2FileStreamWrapper.m in Sources */ = {isa = PBXBuildFile; fileRef = AA08517F18699ED200205DD7 /* NXOAuth2FileStreamWrapper.m */; };
		AA0851931869A43200205DD7 /* PNPConnectionError.m in Sources */ = {isa = PBXBuildFile; fileRef = AA08518E1869A43200205DD7 /* PNPConnectionError.m */; };
		AA0851941869A43200205DD7 /* PNPConnectionError.m in Sources */ = {isa = PBXBuildFile; fileRef = AA08518E1869A43200205DD7 /* PNPConnectionError.m */; };
		AA0851951869A43200205DD7 /* PNPWebserviceErrors.m in Sources */ = {isa = PBXBuildFile; fileRef = AA0851901869A43200205DD7 /* PNPWebserviceErrors.m */; };
		AA0851961869A43200205DD7 /* PNPWebserviceErrors.m in Sources */ = {isa = PBXBuildFile; fileRef = AA0851901869A43200205DD7 /* PNPWebserviceErrors.m */; };
		AA0851971869A43200205DD7 /* PNPDataContainer.m in Sources */ = {isa = PBXBuildFile; fileRef = AA0851921869A43200205DD7 /* PNPDataContainer.m */; };
		AA0851981869A43200205DD7 /* PNPDataContainer.m in Sources */ = {isa = PBXBuildFile; fileRef = AA0851921869A43200205DD7 /* PNPDataContainer.m */; };
		AA08519B1869A44100205DD7 /* PangoPaySDK.m in Sources */ = {isa = PBXBuildFile; fileRef = AA08519A1869A44100205DD7 /* PangoPaySDK.m */; };
		AA08519C1869A44100205DD7 /* PangoPaySDK.m in Sources */ = {isa = PBXBuildFile; fileRef = AA08519A1869A44100205DD7 /* PangoPaySDK.m */; };
		AA08519E1869AF9000205DD7 /* PangoPayDataCacher.m in Sources */ = {isa = PBXBuildFile; fileRef = AA08519D1869AF9000205DD7 /* PangoPayDataCacher.m */; };
		AA08519F1869AF9000205DD7 /* PangoPayDataCacher.m in Sources */ = {isa = PBXBuildFile; fileRef = AA08519D1869AF9000205DD7 /* PangoPayDataCacher.m */; };
		AA2647BB18688A770052101D /* Foundation.framework in Frameworks */ = {isa = PBXBuildFile; fileRef = AA2647BA18688A770052101D /* Foundation.framework */; };
		AA2647BD18688A770052101D /* CoreGraphics.framework in Frameworks */ = {isa = PBXBuildFile; fileRef = AA2647BC18688A770052101D /* CoreGraphics.framework */; };
		AA2647BF18688A770052101D /* UIKit.framework in Frameworks */ = {isa = PBXBuildFile; fileRef = AA2647BE18688A770052101D /* UIKit.framework */; };
		AA2647C718688A770052101D /* main.m in Sources */ = {isa = PBXBuildFile; fileRef = AA2647C618688A770052101D /* main.m */; };
		AA2647CB18688A770052101D /* PPAppDelegate.m in Sources */ = {isa = PBXBuildFile; fileRef = AA2647CA18688A770052101D /* PPAppDelegate.m */; };
		AA2647D418688A770052101D /* XCTest.framework in Frameworks */ = {isa = PBXBuildFile; fileRef = AA2647D318688A770052101D /* XCTest.framework */; };
		AA2647D518688A770052101D /* Foundation.framework in Frameworks */ = {isa = PBXBuildFile; fileRef = AA2647BA18688A770052101D /* Foundation.framework */; };
		AA2647D618688A770052101D /* UIKit.framework in Frameworks */ = {isa = PBXBuildFile; fileRef = AA2647BE18688A770052101D /* UIKit.framework */; };
		AA2647E018688A770052101D /* PangoPaySDKTests.m in Sources */ = {isa = PBXBuildFile; fileRef = AA2647DF18688A770052101D /* PangoPaySDKTests.m */; };
		AACF27CB1875613F00781133 /* Base64.m in Sources */ = {isa = PBXBuildFile; fileRef = AACF27CA1875613F00781133 /* Base64.m */; };
/* End PBXBuildFile section */

/* Begin PBXContainerItemProxy section */
		AA2647D718688A770052101D /* PBXContainerItemProxy */ = {
			isa = PBXContainerItemProxy;
			containerPortal = AA2647AF18688A770052101D /* Project object */;
			proxyType = 1;
			remoteGlobalIDString = AA2647B618688A770052101D;
			remoteInfo = PangoPaySDK;
		};
/* End PBXContainerItemProxy section */

/* Begin PBXFileReference section */
		AA08514B18699E0B00205DD7 /* Security.framework */ = {isa = PBXFileReference; lastKnownFileType = wrapper.framework; name = Security.framework; path = System/Library/Frameworks/Security.framework; sourceTree = SDKROOT; };
		AA08514E18699E9900205DD7 /* NSData+NXOAuth2.h */ = {isa = PBXFileReference; fileEncoding = 4; lastKnownFileType = sourcecode.c.h; name = "NSData+NXOAuth2.h"; path = "Sources/NSData+NXOAuth2.h"; sourceTree = "<group>"; };
		AA08514F18699E9900205DD7 /* NSData+NXOAuth2.m */ = {isa = PBXFileReference; fileEncoding = 4; lastKnownFileType = sourcecode.c.objc; name = "NSData+NXOAuth2.m"; path = "Sources/NSData+NXOAuth2.m"; sourceTree = "<group>"; };
		AA08515018699E9900205DD7 /* NSString+NXOAuth2.h */ = {isa = PBXFileReference; fileEncoding = 4; lastKnownFileType = sourcecode.c.h; name = "NSString+NXOAuth2.h"; path = "Sources/NSString+NXOAuth2.h"; sourceTree = "<group>"; };
		AA08515118699E9900205DD7 /* NSString+NXOAuth2.m */ = {isa = PBXFileReference; fileEncoding = 4; lastKnownFileType = sourcecode.c.objc; name = "NSString+NXOAuth2.m"; path = "Sources/NSString+NXOAuth2.m"; sourceTree = "<group>"; };
		AA08515218699E9900205DD7 /* NSURL+NXOAuth2.h */ = {isa = PBXFileReference; fileEncoding = 4; lastKnownFileType = sourcecode.c.h; name = "NSURL+NXOAuth2.h"; path = "Sources/NSURL+NXOAuth2.h"; sourceTree = "<group>"; };
		AA08515318699E9900205DD7 /* NSURL+NXOAuth2.m */ = {isa = PBXFileReference; fileEncoding = 4; lastKnownFileType = sourcecode.c.objc; name = "NSURL+NXOAuth2.m"; path = "Sources/NSURL+NXOAuth2.m"; sourceTree = "<group>"; };
		AA08515B18699EB400205DD7 /* NXOAuth2.h */ = {isa = PBXFileReference; fileEncoding = 4; lastKnownFileType = sourcecode.c.h; name = NXOAuth2.h; path = Sources/NXOAuth2.h; sourceTree = "<group>"; };
		AA08515C18699EB400205DD7 /* NXOAuth2Constants.h */ = {isa = PBXFileReference; fileEncoding = 4; lastKnownFileType = sourcecode.c.h; name = NXOAuth2Constants.h; path = Sources/NXOAuth2Constants.h; sourceTree = "<group>"; };
		AA08515D18699EB400205DD7 /* NXOAuth2Constants.m */ = {isa = PBXFileReference; fileEncoding = 4; lastKnownFileType = sourcecode.c.objc; name = NXOAuth2Constants.m; path = Sources/NXOAuth2Constants.m; sourceTree = "<group>"; };
		AA08515E18699EB400205DD7 /* NXOAuth2AccountStore.h */ = {isa = PBXFileReference; fileEncoding = 4; lastKnownFileType = sourcecode.c.h; name = NXOAuth2AccountStore.h; path = Sources/NXOAuth2AccountStore.h; sourceTree = "<group>"; };
		AA08515F18699EB400205DD7 /* NXOAuth2AccountStore.m */ = {isa = PBXFileReference; fileEncoding = 4; lastKnownFileType = sourcecode.c.objc; name = NXOAuth2AccountStore.m; path = Sources/NXOAuth2AccountStore.m; sourceTree = "<group>"; };
		AA08516018699EB400205DD7 /* NXOAuth2Account.h */ = {isa = PBXFileReference; fileEncoding = 4; lastKnownFileType = sourcecode.c.h; name = NXOAuth2Account.h; path = Sources/NXOAuth2Account.h; sourceTree = "<group>"; };
		AA08516118699EB400205DD7 /* NXOAuth2Account.m */ = {isa = PBXFileReference; fileEncoding = 4; lastKnownFileType = sourcecode.c.objc; name = NXOAuth2Account.m; path = Sources/NXOAuth2Account.m; sourceTree = "<group>"; };
		AA08516218699EB400205DD7 /* NXOAuth2Request.h */ = {isa = PBXFileReference; fileEncoding = 4; lastKnownFileType = sourcecode.c.h; name = NXOAuth2Request.h; path = Sources/NXOAuth2Request.h; sourceTree = "<group>"; };
		AA08516318699EB400205DD7 /* NXOAuth2Request.m */ = {isa = PBXFileReference; fileEncoding = 4; lastKnownFileType = sourcecode.c.objc; name = NXOAuth2Request.m; path = Sources/NXOAuth2Request.m; sourceTree = "<group>"; };
		AA08516C18699EBE00205DD7 /* NXOAuth2Account+Private.h */ = {isa = PBXFileReference; fileEncoding = 4; lastKnownFileType = sourcecode.c.h; name = "NXOAuth2Account+Private.h"; path = "Sources/NXOAuth2Account+Private.h"; sourceTree = "<group>"; };
		AA08516D18699EC800205DD7 /* NXOAuth2ClientDelegate.h */ = {isa = PBXFileReference; fileEncoding = 4; lastKnownFileType = sourcecode.c.h; name = NXOAuth2ClientDelegate.h; path = Sources/NXOAuth2ClientDelegate.h; sourceTree = "<group>"; };
		AA08516E18699EC800205DD7 /* NXOAuth2Client.h */ = {isa = PBXFileReference; fileEncoding = 4; lastKnownFileType = sourcecode.c.h; name = NXOAuth2Client.h; path = Sources/NXOAuth2Client.h; sourceTree = "<group>"; };
		AA08516F18699EC800205DD7 /* NXOAuth2Client.m */ = {isa = PBXFileReference; fileEncoding = 4; lastKnownFileType = sourcecode.c.objc; name = NXOAuth2Client.m; path = Sources/NXOAuth2Client.m; sourceTree = "<group>"; };
		AA08517018699EC800205DD7 /* NXOAuth2AccessToken.h */ = {isa = PBXFileReference; fileEncoding = 4; lastKnownFileType = sourcecode.c.h; name = NXOAuth2AccessToken.h; path = Sources/NXOAuth2AccessToken.h; sourceTree = "<group>"; };
		AA08517118699EC800205DD7 /* NXOAuth2AccessToken.m */ = {isa = PBXFileReference; fileEncoding = 4; lastKnownFileType = sourcecode.c.objc; name = NXOAuth2AccessToken.m; path = Sources/NXOAuth2AccessToken.m; sourceTree = "<group>"; };
		AA08517618699ED200205DD7 /* NXOAuth2TrustDelegate.h */ = {isa = PBXFileReference; fileEncoding = 4; lastKnownFileType = sourcecode.c.h; name = NXOAuth2TrustDelegate.h; path = Sources/NXOAuth2TrustDelegate.h; sourceTree = "<group>"; };
		AA08517718699ED200205DD7 /* NXOAuth2ConnectionDelegate.h */ = {isa = PBXFileReference; fileEncoding = 4; lastKnownFileType = sourcecode.c.h; name = NXOAuth2ConnectionDelegate.h; path = Sources/NXOAuth2ConnectionDelegate.h; sourceTree = "<group>"; };
		AA08517818699ED200205DD7 /* NXOAuth2Connection.h */ = {isa = PBXFileReference; fileEncoding = 4; lastKnownFileType = sourcecode.c.h; name = NXOAuth2Connection.h; path = Sources/NXOAuth2Connection.h; sourceTree = "<group>"; };
		AA08517918699ED200205DD7 /* NXOAuth2Connection.m */ = {isa = PBXFileReference; fileEncoding = 4; lastKnownFileType = sourcecode.c.objc; name = NXOAuth2Connection.m; path = Sources/NXOAuth2Connection.m; sourceTree = "<group>"; };
		AA08517A18699ED200205DD7 /* NXOAuth2PostBodyStream.h */ = {isa = PBXFileReference; fileEncoding = 4; lastKnownFileType = sourcecode.c.h; name = NXOAuth2PostBodyStream.h; path = Sources/NXOAuth2PostBodyStream.h; sourceTree = "<group>"; };
		AA08517B18699ED200205DD7 /* NXOAuth2PostBodyStream.m */ = {isa = PBXFileReference; fileEncoding = 4; lastKnownFileType = sourcecode.c.objc; name = NXOAuth2PostBodyStream.m; path = Sources/NXOAuth2PostBodyStream.m; sourceTree = "<group>"; };
		AA08517C18699ED200205DD7 /* NXOAuth2PostBodyPart.h */ = {isa = PBXFileReference; fileEncoding = 4; lastKnownFileType = sourcecode.c.h; name = NXOAuth2PostBodyPart.h; path = Sources/NXOAuth2PostBodyPart.h; sourceTree = "<group>"; };
		AA08517D18699ED200205DD7 /* NXOAuth2PostBodyPart.m */ = {isa = PBXFileReference; fileEncoding = 4; lastKnownFileType = sourcecode.c.objc; name = NXOAuth2PostBodyPart.m; path = Sources/NXOAuth2PostBodyPart.m; sourceTree = "<group>"; };
		AA08517E18699ED200205DD7 /* NXOAuth2FileStreamWrapper.h */ = {isa = PBXFileReference; fileEncoding = 4; lastKnownFileType = sourcecode.c.h; name = NXOAuth2FileStreamWrapper.h; path = Sources/NXOAuth2FileStreamWrapper.h; sourceTree = "<group>"; };
		AA08517F18699ED200205DD7 /* NXOAuth2FileStreamWrapper.m */ = {isa = PBXFileReference; fileEncoding = 4; lastKnownFileType = sourcecode.c.objc; name = NXOAuth2FileStreamWrapper.m; path = Sources/NXOAuth2FileStreamWrapper.m; sourceTree = "<group>"; };
		AA08518C1869A43200205DD7 /* PangoPayDataCacher.h */ = {isa = PBXFileReference; fileEncoding = 4; lastKnownFileType = sourcecode.c.h; name = PangoPayDataCacher.h; path = Sources/PangoPayDataCacher.h; sourceTree = "<group>"; };
		AA08518D1869A43200205DD7 /* PNPConnectionError.h */ = {isa = PBXFileReference; fileEncoding = 4; lastKnownFileType = sourcecode.c.h; name = PNPConnectionError.h; path = Sources/PNPConnectionError.h; sourceTree = "<group>"; };
		AA08518E1869A43200205DD7 /* PNPConnectionError.m */ = {isa = PBXFileReference; fileEncoding = 4; lastKnownFileType = sourcecode.c.objc; name = PNPConnectionError.m; path = Sources/PNPConnectionError.m; sourceTree = "<group>"; };
		AA08518F1869A43200205DD7 /* PNPWebserviceErrors.h */ = {isa = PBXFileReference; fileEncoding = 4; lastKnownFileType = sourcecode.c.h; name = PNPWebserviceErrors.h; path = Sources/PNPWebserviceErrors.h; sourceTree = "<group>"; };
		AA0851901869A43200205DD7 /* PNPWebserviceErrors.m */ = {isa = PBXFileReference; fileEncoding = 4; lastKnownFileType = sourcecode.c.objc; name = PNPWebserviceErrors.m; path = Sources/PNPWebserviceErrors.m; sourceTree = "<group>"; };
		AA0851911869A43200205DD7 /* PNPDataContainer.h */ = {isa = PBXFileReference; fileEncoding = 4; lastKnownFileType = sourcecode.c.h; name = PNPDataContainer.h; path = Sources/PNPDataContainer.h; sourceTree = "<group>"; };
		AA0851921869A43200205DD7 /* PNPDataContainer.m */ = {isa = PBXFileReference; fileEncoding = 4; lastKnownFileType = sourcecode.c.objc; name = PNPDataContainer.m; path = Sources/PNPDataContainer.m; sourceTree = "<group>"; };
		AA0851991869A44100205DD7 /* PangoPaySDK.h */ = {isa = PBXFileReference; fileEncoding = 4; lastKnownFileType = sourcecode.c.h; name = PangoPaySDK.h; path = Sources/PangoPaySDK.h; sourceTree = "<group>"; };
		AA08519A1869A44100205DD7 /* PangoPaySDK.m */ = {isa = PBXFileReference; fileEncoding = 4; lastKnownFileType = sourcecode.c.objc; name = PangoPaySDK.m; path = Sources/PangoPaySDK.m; sourceTree = "<group>"; };
		AA08519D1869AF9000205DD7 /* PangoPayDataCacher.m */ = {isa = PBXFileReference; fileEncoding = 4; lastKnownFileType = sourcecode.c.objc; name = PangoPayDataCacher.m; path = Sources/PangoPayDataCacher.m; sourceTree = "<group>"; };
		AA2647B718688A770052101D /* PangoPaySDK.app */ = {isa = PBXFileReference; explicitFileType = wrapper.application; includeInIndex = 0; path = PangoPaySDK.app; sourceTree = BUILT_PRODUCTS_DIR; };
		AA2647BA18688A770052101D /* Foundation.framework */ = {isa = PBXFileReference; lastKnownFileType = wrapper.framework; name = Foundation.framework; path = System/Library/Frameworks/Foundation.framework; sourceTree = SDKROOT; };
		AA2647BC18688A770052101D /* CoreGraphics.framework */ = {isa = PBXFileReference; lastKnownFileType = wrapper.framework; name = CoreGraphics.framework; path = System/Library/Frameworks/CoreGraphics.framework; sourceTree = SDKROOT; };
		AA2647BE18688A770052101D /* UIKit.framework */ = {isa = PBXFileReference; lastKnownFileType = wrapper.framework; name = UIKit.framework; path = System/Library/Frameworks/UIKit.framework; sourceTree = SDKROOT; };
		AA2647C218688A770052101D /* PangoPaySDK-Info.plist */ = {isa = PBXFileReference; lastKnownFileType = text.plist.xml; path = "PangoPaySDK-Info.plist"; sourceTree = "<group>"; };
		AA2647C618688A770052101D /* main.m */ = {isa = PBXFileReference; lastKnownFileType = sourcecode.c.objc; path = main.m; sourceTree = "<group>"; };
		AA2647C818688A770052101D /* PangoPaySDK-Prefix.pch */ = {isa = PBXFileReference; lastKnownFileType = sourcecode.c.h; path = "PangoPaySDK-Prefix.pch"; sourceTree = "<group>"; };
		AA2647C918688A770052101D /* PPAppDelegate.h */ = {isa = PBXFileReference; lastKnownFileType = sourcecode.c.h; path = PPAppDelegate.h; sourceTree = "<group>"; };
		AA2647CA18688A770052101D /* PPAppDelegate.m */ = {isa = PBXFileReference; lastKnownFileType = sourcecode.c.objc; path = PPAppDelegate.m; sourceTree = "<group>"; };
		AA2647D218688A770052101D /* PangoPaySDKTests.xctest */ = {isa = PBXFileReference; explicitFileType = wrapper.cfbundle; includeInIndex = 0; path = PangoPaySDKTests.xctest; sourceTree = BUILT_PRODUCTS_DIR; };
		AA2647D318688A770052101D /* XCTest.framework */ = {isa = PBXFileReference; lastKnownFileType = wrapper.framework; name = XCTest.framework; path = Library/Frameworks/XCTest.framework; sourceTree = DEVELOPER_DIR; };
		AA2647DB18688A770052101D /* PangoPaySDKTests-Info.plist */ = {isa = PBXFileReference; lastKnownFileType = text.plist.xml; path = "PangoPaySDKTests-Info.plist"; sourceTree = "<group>"; };
		AA2647DF18688A770052101D /* PangoPaySDKTests.m */ = {isa = PBXFileReference; lastKnownFileType = sourcecode.c.objc; path = PangoPaySDKTests.m; sourceTree = "<group>"; };
		AACF27C91875613F00781133 /* Base64.h */ = {isa = PBXFileReference; fileEncoding = 4; lastKnownFileType = sourcecode.c.h; name = Base64.h; path = Sources/Base64.h; sourceTree = "<group>"; };
		AACF27CA1875613F00781133 /* Base64.m */ = {isa = PBXFileReference; fileEncoding = 4; lastKnownFileType = sourcecode.c.objc; name = Base64.m; path = Sources/Base64.m; sourceTree = "<group>"; };
/* End PBXFileReference section */

/* Begin PBXFrameworksBuildPhase section */
		AA2647B418688A770052101D /* Frameworks */ = {
			isa = PBXFrameworksBuildPhase;
			buildActionMask = 2147483647;
			files = (
				AA08514C18699E0B00205DD7 /* Security.framework in Frameworks */,
				AA2647BD18688A770052101D /* CoreGraphics.framework in Frameworks */,
				AA2647BF18688A770052101D /* UIKit.framework in Frameworks */,
				AA2647BB18688A770052101D /* Foundation.framework in Frameworks */,
			);
			runOnlyForDeploymentPostprocessing = 0;
		};
		AA2647CF18688A770052101D /* Frameworks */ = {
			isa = PBXFrameworksBuildPhase;
			buildActionMask = 2147483647;
			files = (
				AA2647D418688A770052101D /* XCTest.framework in Frameworks */,
				AA2647D618688A770052101D /* UIKit.framework in Frameworks */,
				AA2647D518688A770052101D /* Foundation.framework in Frameworks */,
			);
			runOnlyForDeploymentPostprocessing = 0;
		};
/* End PBXFrameworksBuildPhase section */

/* Begin PBXGroup section */
		AA08510E18699D2600205DD7 /* Sources */ = {
			isa = PBXGroup;
			children = (
				AACF27C91875613F00781133 /* Base64.h */,
				AACF27CA1875613F00781133 /* Base64.m */,
				AA0851991869A44100205DD7 /* PangoPaySDK.h */,
				AA08519A1869A44100205DD7 /* PangoPaySDK.m */,
				AA08518C1869A43200205DD7 /* PangoPayDataCacher.h */,
				AA08519D1869AF9000205DD7 /* PangoPayDataCacher.m */,
				AA08518D1869A43200205DD7 /* PNPConnectionError.h */,
				AA08518E1869A43200205DD7 /* PNPConnectionError.m */,
				AA08518F1869A43200205DD7 /* PNPWebserviceErrors.h */,
				AA0851901869A43200205DD7 /* PNPWebserviceErrors.m */,
				AA0851911869A43200205DD7 /* PNPDataContainer.h */,
				AA0851921869A43200205DD7 /* PNPDataContainer.m */,
				AA08514D18699E6100205DD7 /* OAuth2Client */,
			);
			name = Sources;
			sourceTree = "<group>";
		};
		AA08514D18699E6100205DD7 /* OAuth2Client */ = {
			isa = PBXGroup;
			children = (
				AA08515B18699EB400205DD7 /* NXOAuth2.h */,
				AA08515C18699EB400205DD7 /* NXOAuth2Constants.h */,
				AA08515D18699EB400205DD7 /* NXOAuth2Constants.m */,
				AA08515E18699EB400205DD7 /* NXOAuth2AccountStore.h */,
				AA08515F18699EB400205DD7 /* NXOAuth2AccountStore.m */,
				AA08516018699EB400205DD7 /* NXOAuth2Account.h */,
				AA08516118699EB400205DD7 /* NXOAuth2Account.m */,
				AA08516D18699EC800205DD7 /* NXOAuth2ClientDelegate.h */,
				AA08516E18699EC800205DD7 /* NXOAuth2Client.h */,
				AA08517618699ED200205DD7 /* NXOAuth2TrustDelegate.h */,
				AA08517718699ED200205DD7 /* NXOAuth2ConnectionDelegate.h */,
				AA08517818699ED200205DD7 /* NXOAuth2Connection.h */,
				AA08517918699ED200205DD7 /* NXOAuth2Connection.m */,
				AA08517A18699ED200205DD7 /* NXOAuth2PostBodyStream.h */,
				AA08517B18699ED200205DD7 /* NXOAuth2PostBodyStream.m */,
				AA08517C18699ED200205DD7 /* NXOAuth2PostBodyPart.h */,
				AA08517D18699ED200205DD7 /* NXOAuth2PostBodyPart.m */,
				AA08517E18699ED200205DD7 /* NXOAuth2FileStreamWrapper.h */,
				AA08517F18699ED200205DD7 /* NXOAuth2FileStreamWrapper.m */,
				AA08516F18699EC800205DD7 /* NXOAuth2Client.m */,
				AA08517018699EC800205DD7 /* NXOAuth2AccessToken.h */,
				AA08517118699EC800205DD7 /* NXOAuth2AccessToken.m */,
				AA08516218699EB400205DD7 /* NXOAuth2Request.h */,
				AA08516C18699EBE00205DD7 /* NXOAuth2Account+Private.h */,
				AA08516318699EB400205DD7 /* NXOAuth2Request.m */,
				AA08515A18699E9D00205DD7 /* CocoaAdditions */,
			);
			name = OAuth2Client;
			sourceTree = "<group>";
		};
		AA08515A18699E9D00205DD7 /* CocoaAdditions */ = {
			isa = PBXGroup;
			children = (
				AA08514E18699E9900205DD7 /* NSData+NXOAuth2.h */,
				AA08514F18699E9900205DD7 /* NSData+NXOAuth2.m */,
				AA08515018699E9900205DD7 /* NSString+NXOAuth2.h */,
				AA08515118699E9900205DD7 /* NSString+NXOAuth2.m */,
				AA08515218699E9900205DD7 /* NSURL+NXOAuth2.h */,
				AA08515318699E9900205DD7 /* NSURL+NXOAuth2.m */,
			);
			name = CocoaAdditions;
			sourceTree = "<group>";
		};
		AA2647AE18688A770052101D = {
			isa = PBXGroup;
			children = (
				AA2647C018688A770052101D /* PangoPaySDK */,
				AA2647D918688A770052101D /* PangoPaySDKTests */,
				AA2647B918688A770052101D /* Frameworks */,
				AA2647B818688A770052101D /* Products */,
			);
			sourceTree = "<group>";
		};
		AA2647B818688A770052101D /* Products */ = {
			isa = PBXGroup;
			children = (
				AA2647B718688A770052101D /* PangoPaySDK.app */,
				AA2647D218688A770052101D /* PangoPaySDKTests.xctest */,
			);
			name = Products;
			sourceTree = "<group>";
		};
		AA2647B918688A770052101D /* Frameworks */ = {
			isa = PBXGroup;
			children = (
				AA08514B18699E0B00205DD7 /* Security.framework */,
				AA2647BA18688A770052101D /* Foundation.framework */,
				AA2647BC18688A770052101D /* CoreGraphics.framework */,
				AA2647BE18688A770052101D /* UIKit.framework */,
				AA2647D318688A770052101D /* XCTest.framework */,
			);
			name = Frameworks;
			sourceTree = "<group>";
		};
		AA2647C018688A770052101D /* PangoPaySDK */ = {
			isa = PBXGroup;
			children = (
				AA08510E18699D2600205DD7 /* Sources */,
				AA2647C918688A770052101D /* PPAppDelegate.h */,
				AA2647CA18688A770052101D /* PPAppDelegate.m */,
				AA2647C118688A770052101D /* Supporting Files */,
			);
			path = PangoPaySDK;
			sourceTree = "<group>";
		};
		AA2647C118688A770052101D /* Supporting Files */ = {
			isa = PBXGroup;
			children = (
				AA2647C218688A770052101D /* PangoPaySDK-Info.plist */,
				AA2647C618688A770052101D /* main.m */,
				AA2647C818688A770052101D /* PangoPaySDK-Prefix.pch */,
			);
			name = "Supporting Files";
			sourceTree = "<group>";
		};
		AA2647D918688A770052101D /* PangoPaySDKTests */ = {
			isa = PBXGroup;
			children = (
				AA2647DF18688A770052101D /* PangoPaySDKTests.m */,
				AA2647DA18688A770052101D /* Supporting Files */,
			);
			path = PangoPaySDKTests;
			sourceTree = "<group>";
		};
		AA2647DA18688A770052101D /* Supporting Files */ = {
			isa = PBXGroup;
			children = (
				AA2647DB18688A770052101D /* PangoPaySDKTests-Info.plist */,
			);
			name = "Supporting Files";
			sourceTree = "<group>";
		};
/* End PBXGroup section */

/* Begin PBXNativeTarget section */
		AA2647B618688A770052101D /* PangoPaySDK */ = {
			isa = PBXNativeTarget;
			buildConfigurationList = AA2647E318688A770052101D /* Build configuration list for PBXNativeTarget "PangoPaySDK" */;
			buildPhases = (
				AA2647B318688A770052101D /* Sources */,
				AA2647B418688A770052101D /* Frameworks */,
				AA2647B518688A770052101D /* Resources */,
			);
			buildRules = (
			);
			dependencies = (
			);
			name = PangoPaySDK;
			productName = PangoPaySDK;
			productReference = AA2647B718688A770052101D /* PangoPaySDK.app */;
			productType = "com.apple.product-type.application";
		};
		AA2647D118688A770052101D /* PangoPaySDKTests */ = {
			isa = PBXNativeTarget;
			buildConfigurationList = AA2647E618688A770052101D /* Build configuration list for PBXNativeTarget "PangoPaySDKTests" */;
			buildPhases = (
				AA2647CE18688A770052101D /* Sources */,
				AA2647CF18688A770052101D /* Frameworks */,
				AA2647D018688A770052101D /* Resources */,
			);
			buildRules = (
			);
			dependencies = (
				AA2647D818688A770052101D /* PBXTargetDependency */,
			);
			name = PangoPaySDKTests;
			productName = PangoPaySDKTests;
			productReference = AA2647D218688A770052101D /* PangoPaySDKTests.xctest */;
			productType = "com.apple.product-type.bundle.unit-test";
		};
/* End PBXNativeTarget section */

/* Begin PBXProject section */
		AA2647AF18688A770052101D /* Project object */ = {
			isa = PBXProject;
			attributes = {
				CLASSPREFIX = PP;
				LastUpgradeCheck = 0500;
				ORGANIZATIONNAME = "Christian Bongardt";
				TargetAttributes = {
					AA2647D118688A770052101D = {
						TestTargetID = AA2647B618688A770052101D;
					};
				};
			};
			buildConfigurationList = AA2647B218688A770052101D /* Build configuration list for PBXProject "PangoPaySDK" */;
			compatibilityVersion = "Xcode 3.2";
			developmentRegion = English;
			hasScannedForEncodings = 0;
			knownRegions = (
				en,
			);
			mainGroup = AA2647AE18688A770052101D;
			productRefGroup = AA2647B818688A770052101D /* Products */;
			projectDirPath = "";
			projectRoot = "";
			targets = (
				AA2647B618688A770052101D /* PangoPaySDK */,
				AA2647D118688A770052101D /* PangoPaySDKTests */,
			);
		};
/* End PBXProject section */

/* Begin PBXResourcesBuildPhase section */
		AA2647B518688A770052101D /* Resources */ = {
			isa = PBXResourcesBuildPhase;
			buildActionMask = 2147483647;
			files = (
			);
			runOnlyForDeploymentPostprocessing = 0;
		};
		AA2647D018688A770052101D /* Resources */ = {
			isa = PBXResourcesBuildPhase;
			buildActionMask = 2147483647;
			files = (
			);
			runOnlyForDeploymentPostprocessing = 0;
		};
/* End PBXResourcesBuildPhase section */

/* Begin PBXSourcesBuildPhase section */
		AA2647B318688A770052101D /* Sources */ = {
			isa = PBXSourcesBuildPhase;
			buildActionMask = 2147483647;
			files = (
				AA2647CB18688A770052101D /* PPAppDelegate.m in Sources */,
				AA08517418699EC800205DD7 /* NXOAuth2AccessToken.m in Sources */,
				AA0851971869A43200205DD7 /* PNPDataContainer.m in Sources */,
				AA08517218699EC800205DD7 /* NXOAuth2Client.m in Sources */,
				AA08516618699EB400205DD7 /* NXOAuth2AccountStore.m in Sources */,
				AA08518018699ED200205DD7 /* NXOAuth2Connection.m in Sources */,
				AA08516A18699EB400205DD7 /* NXOAuth2Request.m in Sources */,
				AACF27CB1875613F00781133 /* Base64.m in Sources */,
				AA08516818699EB400205DD7 /* NXOAuth2Account.m in Sources */,
				AA0851931869A43200205DD7 /* PNPConnectionError.m in Sources */,
				AA08518418699ED200205DD7 /* NXOAuth2PostBodyPart.m in Sources */,
				AA08515818699E9900205DD7 /* NSURL+NXOAuth2.m in Sources */,
				AA08519E1869AF9000205DD7 /* PangoPayDataCacher.m in Sources */,
				AA2647C718688A770052101D /* main.m in Sources */,
				AA08515618699E9900205DD7 /* NSString+NXOAuth2.m in Sources */,
				AA08516418699EB400205DD7 /* NXOAuth2Constants.m in Sources */,
				AA08515418699E9900205DD7 /* NSData+NXOAuth2.m in Sources */,
				AA08518218699ED200205DD7 /* NXOAuth2PostBodyStream.m in Sources */,
				AA08518618699ED200205DD7 /* NXOAuth2FileStreamWrapper.m in Sources */,
				AA0851951869A43200205DD7 /* PNPWebserviceErrors.m in Sources */,
				AA08519B1869A44100205DD7 /* PangoPaySDK.m in Sources */,
			);
			runOnlyForDeploymentPostprocessing = 0;
		};
		AA2647CE18688A770052101D /* Sources */ = {
			isa = PBXSourcesBuildPhase;
			buildActionMask = 2147483647;
			files = (
				AA2647E018688A770052101D /* PangoPaySDKTests.m in Sources */,
				AA08516518699EB400205DD7 /* NXOAuth2Constants.m in Sources */,
				AA08515718699E9900205DD7 /* NSString+NXOAuth2.m in Sources */,
				AA08515518699E9900205DD7 /* NSData+NXOAuth2.m in Sources */,
				AA08519C1869A44100205DD7 /* PangoPaySDK.m in Sources */,
				AA08518518699ED200205DD7 /* NXOAuth2PostBodyPart.m in Sources */,
				AA08519F1869AF9000205DD7 /* PangoPayDataCacher.m in Sources */,
				AA08518318699ED200205DD7 /* NXOAuth2PostBodyStream.m in Sources */,
				AA08518118699ED200205DD7 /* NXOAuth2Connection.m in Sources */,
				AA08516718699EB400205DD7 /* NXOAuth2AccountStore.m in Sources */,
				AA08518718699ED200205DD7 /* NXOAuth2FileStreamWrapper.m in Sources */,
				AA08516918699EB400205DD7 /* NXOAuth2Account.m in Sources */,
				AA0851961869A43200205DD7 /* PNPWebserviceErrors.m in Sources */,
				AA08517318699EC800205DD7 /* NXOAuth2Client.m in Sources */,
				AA08516B18699EB400205DD7 /* NXOAuth2Request.m in Sources */,
				AA0851981869A43200205DD7 /* PNPDataContainer.m in Sources */,
				AA0851941869A43200205DD7 /* PNPConnectionError.m in Sources */,
				AA08517518699EC800205DD7 /* NXOAuth2AccessToken.m in Sources */,
				AA08515918699E9900205DD7 /* NSURL+NXOAuth2.m in Sources */,
			);
			runOnlyForDeploymentPostprocessing = 0;
		};
/* End PBXSourcesBuildPhase section */

/* Begin PBXTargetDependency section */
		AA2647D818688A770052101D /* PBXTargetDependency */ = {
			isa = PBXTargetDependency;
			target = AA2647B618688A770052101D /* PangoPaySDK */;
			targetProxy = AA2647D718688A770052101D /* PBXContainerItemProxy */;
		};
/* End PBXTargetDependency section */

/* Begin XCBuildConfiguration section */
		AA2647E118688A770052101D /* Debug */ = {
			isa = XCBuildConfiguration;
			buildSettings = {
				ALWAYS_SEARCH_USER_PATHS = NO;
				ARCHS = "$(ARCHS_STANDARD_INCLUDING_64_BIT)";
				CLANG_CXX_LANGUAGE_STANDARD = "gnu++0x";
				CLANG_CXX_LIBRARY = "libc++";
				CLANG_ENABLE_MODULES = YES;
				CLANG_ENABLE_OBJC_ARC = YES;
				CLANG_WARN_BOOL_CONVERSION = YES;
				CLANG_WARN_CONSTANT_CONVERSION = YES;
				CLANG_WARN_DIRECT_OBJC_ISA_USAGE = YES_ERROR;
				CLANG_WARN_EMPTY_BODY = YES;
				CLANG_WARN_ENUM_CONVERSION = YES;
				CLANG_WARN_INT_CONVERSION = YES;
				CLANG_WARN_OBJC_ROOT_CLASS = YES_ERROR;
				CLANG_WARN__DUPLICATE_METHOD_MATCH = YES;
				"CODE_SIGN_IDENTITY[sdk=iphoneos*]" = "iPhone Developer";
				COPY_PHASE_STRIP = NO;
				GCC_C_LANGUAGE_STANDARD = gnu99;
				GCC_DYNAMIC_NO_PIC = NO;
				GCC_OPTIMIZATION_LEVEL = 0;
				GCC_PREPROCESSOR_DEFINITIONS = (
					"DEBUG=1",
					"$(inherited)",
				);
				GCC_SYMBOLS_PRIVATE_EXTERN = NO;
				GCC_WARN_64_TO_32_BIT_CONVERSION = YES;
				GCC_WARN_ABOUT_RETURN_TYPE = YES_ERROR;
				GCC_WARN_UNDECLARED_SELECTOR = YES;
				GCC_WARN_UNINITIALIZED_AUTOS = YES;
				GCC_WARN_UNUSED_FUNCTION = YES;
				GCC_WARN_UNUSED_VARIABLE = YES;
				IPHONEOS_DEPLOYMENT_TARGET = 7.0;
				ONLY_ACTIVE_ARCH = YES;
				SDKROOT = iphoneos;
				TARGETED_DEVICE_FAMILY = "1,2";
			};
			name = Debug;
		};
		AA2647E218688A770052101D /* Release */ = {
			isa = XCBuildConfiguration;
			buildSettings = {
				ALWAYS_SEARCH_USER_PATHS = NO;
				ARCHS = "$(ARCHS_STANDARD_INCLUDING_64_BIT)";
				CLANG_CXX_LANGUAGE_STANDARD = "gnu++0x";
				CLANG_CXX_LIBRARY = "libc++";
				CLANG_ENABLE_MODULES = YES;
				CLANG_ENABLE_OBJC_ARC = YES;
				CLANG_WARN_BOOL_CONVERSION = YES;
				CLANG_WARN_CONSTANT_CONVERSION = YES;
				CLANG_WARN_DIRECT_OBJC_ISA_USAGE = YES_ERROR;
				CLANG_WARN_EMPTY_BODY = YES;
				CLANG_WARN_ENUM_CONVERSION = YES;
				CLANG_WARN_INT_CONVERSION = YES;
				CLANG_WARN_OBJC_ROOT_CLASS = YES_ERROR;
				CLANG_WARN__DUPLICATE_METHOD_MATCH = YES;
				"CODE_SIGN_IDENTITY[sdk=iphoneos*]" = "iPhone Developer";
				COPY_PHASE_STRIP = YES;
				ENABLE_NS_ASSERTIONS = NO;
				GCC_C_LANGUAGE_STANDARD = gnu99;
				GCC_WARN_64_TO_32_BIT_CONVERSION = YES;
				GCC_WARN_ABOUT_RETURN_TYPE = YES_ERROR;
				GCC_WARN_UNDECLARED_SELECTOR = YES;
				GCC_WARN_UNINITIALIZED_AUTOS = YES;
				GCC_WARN_UNUSED_FUNCTION = YES;
				GCC_WARN_UNUSED_VARIABLE = YES;
				IPHONEOS_DEPLOYMENT_TARGET = 7.0;
				SDKROOT = iphoneos;
				TARGETED_DEVICE_FAMILY = "1,2";
				VALIDATE_PRODUCT = YES;
			};
			name = Release;
		};
		AA2647E418688A770052101D /* Debug */ = {
			isa = XCBuildConfiguration;
			buildSettings = {
				ASSETCATALOG_COMPILER_APPICON_NAME = AppIcon;
				ASSETCATALOG_COMPILER_LAUNCHIMAGE_NAME = LaunchImage;
				GCC_PRECOMPILE_PREFIX_HEADER = YES;
				GCC_PREFIX_HEADER = "PangoPaySDK/PangoPaySDK-Prefix.pch";
				INFOPLIST_FILE = "PangoPaySDK/PangoPaySDK-Info.plist";
				IPHONEOS_DEPLOYMENT_TARGET = 6.0;
				PRODUCT_NAME = "$(TARGET_NAME)";
				WRAPPER_EXTENSION = app;
			};
			name = Debug;
		};
		AA2647E518688A770052101D /* Release */ = {
			isa = XCBuildConfiguration;
			buildSettings = {
				ASSETCATALOG_COMPILER_APPICON_NAME = AppIcon;
				ASSETCATALOG_COMPILER_LAUNCHIMAGE_NAME = LaunchImage;
				GCC_PRECOMPILE_PREFIX_HEADER = YES;
				GCC_PREFIX_HEADER = "PangoPaySDK/PangoPaySDK-Prefix.pch";
				INFOPLIST_FILE = "PangoPaySDK/PangoPaySDK-Info.plist";
				IPHONEOS_DEPLOYMENT_TARGET = 6.0;
				PRODUCT_NAME = "$(TARGET_NAME)";
				WRAPPER_EXTENSION = app;
			};
			name = Release;
		};
		AA2647E718688A770052101D /* Debug */ = {
			isa = XCBuildConfiguration;
			buildSettings = {
				ARCHS = "$(ARCHS_STANDARD_INCLUDING_64_BIT)";
				BUNDLE_LOADER = "$(BUILT_PRODUCTS_DIR)/PangoPaySDK.app/PangoPaySDK";
				FRAMEWORK_SEARCH_PATHS = (
					"$(SDKROOT)/Developer/Library/Frameworks",
					"$(inherited)",
					"$(DEVELOPER_FRAMEWORKS_DIR)",
				);
				GCC_PRECOMPILE_PREFIX_HEADER = YES;
				GCC_PREFIX_HEADER = "PangoPaySDK/PangoPaySDK-Prefix.pch";
				GCC_PREPROCESSOR_DEFINITIONS = (
					"DEBUG=1",
					"$(inherited)",
				);
				INFOPLIST_FILE = "PangoPaySDKTests/PangoPaySDKTests-Info.plist";
				PRODUCT_NAME = "$(TARGET_NAME)";
				TEST_HOST = "$(BUNDLE_LOADER)";
				WRAPPER_EXTENSION = xctest;
			};
			name = Debug;
		};
		AA2647E818688A770052101D /* Release */ = {
			isa = XCBuildConfiguration;
			buildSettings = {
				ARCHS = "$(ARCHS_STANDARD_INCLUDING_64_BIT)";
				BUNDLE_LOADER = "$(BUILT_PRODUCTS_DIR)/PangoPaySDK.app/PangoPaySDK";
				FRAMEWORK_SEARCH_PATHS = (
					"$(SDKROOT)/Developer/Library/Frameworks",
					"$(inherited)",
					"$(DEVELOPER_FRAMEWORKS_DIR)",
				);
				GCC_PRECOMPILE_PREFIX_HEADER = YES;
				GCC_PREFIX_HEADER = "PangoPaySDK/PangoPaySDK-Prefix.pch";
				INFOPLIST_FILE = "PangoPaySDKTests/PangoPaySDKTests-Info.plist";
				PRODUCT_NAME = "$(TARGET_NAME)";
				TEST_HOST = "$(BUNDLE_LOADER)";
				WRAPPER_EXTENSION = xctest;
			};
			name = Release;
		};
/* End XCBuildConfiguration section */

/* Begin XCConfigurationList section */
		AA2647B218688A770052101D /* Build configuration list for PBXProject "PangoPaySDK" */ = {
			isa = XCConfigurationList;
			buildConfigurations = (
				AA2647E118688A770052101D /* Debug */,
				AA2647E218688A770052101D /* Release */,
			);
			defaultConfigurationIsVisible = 0;
			defaultConfigurationName = Release;
		};
		AA2647E318688A770052101D /* Build configuration list for PBXNativeTarget "PangoPaySDK" */ = {
			isa = XCConfigurationList;
			buildConfigurations = (
				AA2647E418688A770052101D /* Debug */,
				AA2647E518688A770052101D /* Release */,
			);
			defaultConfigurationIsVisible = 0;
			defaultConfigurationName = Release;
		};
		AA2647E618688A770052101D /* Build configuration list for PBXNativeTarget "PangoPaySDKTests" */ = {
			isa = XCConfigurationList;
			buildConfigurations = (
				AA2647E718688A770052101D /* Debug */,
				AA2647E818688A770052101D /* Release */,
			);
			defaultConfigurationIsVisible = 0;
			defaultConfigurationName = Release;
		};
/* End XCConfigurationList section */
	};
	rootObject = AA2647AF18688A770052101D /* Project object */;
}
